
Microsoft Visual Studio Solution File, Format Version 12.00
# Visual Studio 14
VisualStudioVersion = 14.0.25420.1
MinimumVisualStudioVersion = 10.0.40219.1
Project("{FAE04EC0-301F-11D3-BF4B-00C04F79EFBC}") = "Products.WebApi", "Products.WebApi\Products.WebApi.csproj", "{EE19B10D-1554-427B-8D65-08FDA182BFCC}"
EndProject
Project("{FAE04EC0-301F-11D3-BF4B-00C04F79EFBC}") = "WebApi.ServiceLayer", "WebApi.ServiceLayer\WebApi.ServiceLayer.csproj", "{2ECF2C58-A3FA-42C5-940F-CB69F372FCC7}"
EndProject
Project("{2150E333-8FDC-42A3-9474-1A3956D46DE8}") = "Artifacts", "Artifacts", "{E585898A-D74F-4B4A-9F14-DF9CD1EE8327}"
EndProject
Global
	GlobalSection(SolutionConfigurationPlatforms) = preSolution
		Debug|Any CPU = Debug|Any CPU
		Release|Any CPU = Release|Any CPU
	EndGlobalSection
	GlobalSection(ProjectConfigurationPlatforms) = postSolution
		{EE19B10D-1554-427B-8D65-08FDA182BFCC}.Debug|Any CPU.ActiveCfg = Debug|Any CPU
		{EE19B10D-1554-427B-8D65-08FDA182BFCC}.Debug|Any CPU.Build.0 = Debug|Any CPU
		{EE19B10D-1554-427B-8D65-08FDA182BFCC}.Release|Any CPU.ActiveCfg = Release|Any CPU
		{EE19B10D-1554-427B-8D65-08FDA182BFCC}.Release|Any CPU.Build.0 = Release|Any CPU
		{2ECF2C58-A3FA-42C5-940F-CB69F372FCC7}.Debug|Any CPU.ActiveCfg = Debug|Any CPU
		{2ECF2C58-A3FA-42C5-940F-CB69F372FCC7}.Debug|Any CPU.Build.0 = Debug|Any CPU
		{2ECF2C58-A3FA-42C5-940F-CB69F372FCC7}.Release|Any CPU.ActiveCfg = Release|Any CPU
		{2ECF2C58-A3FA-42C5-940F-CB69F372FCC7}.Release|Any CPU.Build.0 = Release|Any CPU
	EndGlobalSection
	GlobalSection(SolutionProperties) = preSolution
		HideSolutionNode = FALSE
	EndGlobalSection
EndGlobal
